Microsoft Visual Studio Solution File, Format Version 12.00
# Visual Studio Version 17
VisualStudioVersion = 17.5.2.0
MinimumVisualStudioVersion = 10.0.40219.1
Project("{FAE04EC0-301F-11D3-BF4B-00C04F79EFBC}") = "FoodDelivery.API", "FoodDelivery.API\FoodDelivery.API.csproj", "{926FD410-0912-361F-34F5-1FC68DCCD17C}"
EndProject
Global
	GlobalSection(SolutionConfigurationPlatforms) = preSolution
		Debug|Any CPU = Debug|Any CPU
		Release|Any CPU = Release|Any CPU
	EndGlobalSection
	GlobalSection(ProjectConfigurationPlatforms) = postSolution
		{926FD410-0912-361F-34F5-1FC68DCCD17C}.Debug|Any CPU.ActiveCfg = Debug|Any CPU
		{926FD410-0912-361F-34F5-1FC68DCCD17C}.Debug|Any CPU.Build.0 = Debug|Any CPU
		{926FD410-0912-361F-34F5-1FC68DCCD17C}.Release|Any CPU.ActiveCfg = Release|Any CPU
		{926FD410-0912-361F-34F5-1FC68DCCD17C}.Release|Any CPU.Build.0 = Release|Any CPU
	EndGlobalSection
	GlobalSection(SolutionProperties) = preSolution
		HideSolutionNode = FALSE
	EndGlobalSection
	GlobalSection(ExtensibilityGlobals) = postSolution
		SolutionGuid = {334CC478-090F-49E3-B44F-4F7800B1681D}
	EndGlobalSection
EndGlobal
